
Microsoft Visual Studio Solution File, Format Version 12.00
# Visual Studio 15
VisualStudioVersion = 15.0.28307.102
MinimumVisualStudioVersion = 10.0.40219.1
Project("{FAE04EC0-301F-11D3-BF4B-00C04F79EFBC}") = "CPSMobile.Android", "CPSMobile\CPSMobile.Android\CPSMobile.Android.csproj", "{239C5490-45FC-4F52-ADD6-58A1946BAB65}"
EndProject
Project("{FAE04EC0-301F-11D3-BF4B-00C04F79EFBC}") = "CPSMobile", "CPSMobile\CPSMobile\CPSMobile.csproj", "{7A9ECCA9-7592-4E63-B034-53D1FBEABE74}"
EndProject
Global
	GlobalSection(SolutionConfigurationPlatforms) = preSolution
		Debug|Any CPU = Debug|Any CPU
		Release|Any CPU = Release|Any CPU
	EndGlobalSection
	GlobalSection(ProjectConfigurationPlatforms) = postSolution
		{239C5490-45FC-4F52-ADD6-58A1946BAB65}.Debug|Any CPU.ActiveCfg = Debug|Any CPU
		{239C5490-45FC-4F52-ADD6-58A1946BAB65}.Debug|Any CPU.Build.0 = Debug|Any CPU
		{239C5490-45FC-4F52-ADD6-58A1946BAB65}.Debug|Any CPU.Deploy.0 = Debug|Any CPU
		{239C5490-45FC-4F52-ADD6-58A1946BAB65}.Release|Any CPU.ActiveCfg = Release|Any CPU
		{239C5490-45FC-4F52-ADD6-58A1946BAB65}.Release|Any CPU.Build.0 = Release|Any CPU
		{239C5490-45FC-4F52-ADD6-58A1946BAB65}.Release|Any CPU.Deploy.0 = Release|Any CPU
		{7A9ECCA9-7592-4E63-B034-53D1FBEABE74}.Debug|Any CPU.ActiveCfg = Debug|Any CPU
		{7A9ECCA9-7592-4E63-B034-53D1FBEABE74}.Debug|Any CPU.Build.0 = Debug|Any CPU
		{7A9ECCA9-7592-4E63-B034-53D1FBEABE74}.Debug|Any CPU.Deploy.0 = Debug|Any CPU
		{7A9ECCA9-7592-4E63-B034-53D1FBEABE74}.Release|Any CPU.ActiveCfg = Release|Any CPU
		{7A9ECCA9-7592-4E63-B034-53D1FBEABE74}.Release|Any CPU.Build.0 = Release|Any CPU
		{7A9ECCA9-7592-4E63-B034-53D1FBEABE74}.Release|Any CPU.Deploy.0 = Release|Any CPU
	EndGlobalSection
	GlobalSection(SolutionProperties) = preSolution
		HideSolutionNode = FALSE
	EndGlobalSection
	GlobalSection(ExtensibilityGlobals) = postSolution
		SolutionGuid = {CCC7BC1F-9F78-4F7E-9BF3-0FA74CF1700F}
	EndGlobalSection
EndGlobal
