
Microsoft Visual Studio Solution File, Format Version 12.00
# Visual Studio 15
VisualStudioVersion = 15.0.28010.2016
MinimumVisualStudioVersion = 10.0.40219.1
Project("{FAE04EC0-301F-11D3-BF4B-00C04F79EFBC}") = "ComfortProfilesSharing", "ComfortProfilesSharing\ComfortProfilesSharing.csproj", "{5C0A9224-4D9E-42D5-9FB5-61BA8AC47C1D}"
EndProject
Global
	GlobalSection(SolutionConfigurationPlatforms) = preSolution
		Debug|Any CPU = Debug|Any CPU
		Release|Any CPU = Release|Any CPU
	EndGlobalSection
	GlobalSection(ProjectConfigurationPlatforms) = postSolution
		{5C0A9224-4D9E-42D5-9FB5-61BA8AC47C1D}.Debug|Any CPU.ActiveCfg = Debug|Any CPU
		{5C0A9224-4D9E-42D5-9FB5-61BA8AC47C1D}.Debug|Any CPU.Build.0 = Debug|Any CPU
		{5C0A9224-4D9E-42D5-9FB5-61BA8AC47C1D}.Release|Any CPU.ActiveCfg = Release|Any CPU
		{5C0A9224-4D9E-42D5-9FB5-61BA8AC47C1D}.Release|Any CPU.Build.0 = Release|Any CPU
	EndGlobalSection
	GlobalSection(SolutionProperties) = preSolution
		HideSolutionNode = FALSE
	EndGlobalSection
	GlobalSection(ExtensibilityGlobals) = postSolution
		SolutionGuid = {787B1BE2-CD50-43D6-8A80-98F094BD83E5}
	EndGlobalSection
EndGlobal
